
Microsoft Visual Studio Solution File, Format Version 12.00
# Visual Studio 15
VisualStudioVersion = 15.0.28010.2036
MinimumVisualStudioVersion = 10.0.40219.1
Project("{9A19103F-16F7-4668-BE54-9A1E7A4F7556}") = "DMCore", "DMCore\DMCore.csproj", "{2D268C2A-9B37-4C38-A361-9F9838FDE196}"
EndProject
Global
	GlobalSection(SolutionConfigurationPlatforms) = preSolution
		Debug|Any CPU = Debug|Any CPU
		Release|Any CPU = Release|Any CPU
	EndGlobalSection
	GlobalSection(ProjectConfigurationPlatforms) = postSolution
		{2D268C2A-9B37-4C38-A361-9F9838FDE196}.Debug|Any CPU.ActiveCfg = Debug|Any CPU
		{2D268C2A-9B37-4C38-A361-9F9838FDE196}.Debug|Any CPU.Build.0 = Debug|Any CPU
		{2D268C2A-9B37-4C38-A361-9F9838FDE196}.Release|Any CPU.ActiveCfg = Release|Any CPU
		{2D268C2A-9B37-4C38-A361-9F9838FDE196}.Release|Any CPU.Build.0 = Release|Any CPU
	EndGlobalSection
	GlobalSection(SolutionProperties) = preSolution
		HideSolutionNode = FALSE
	EndGlobalSection
	GlobalSection(ExtensibilityGlobals) = postSolution
		SolutionGuid = {57BFEA25-4D3D-47B0-B17D-A538DA1C0335}
	EndGlobalSection
EndGlobal
